// !$*UTF8*$!
{
	archiveVersion = 1;
	classes = {
	};
	objectVersion = 50;
	objects = {

/* Begin PBXBuildFile section */
		FCDA6F50236D84FA00C9ED62 /* AppDelegate.swift in Sources */ = {isa = PBXBuildFile; fileRef = FCDA6F4F236D84FA00C9ED62 /* AppDelegate.swift */; };
		FCDA6F52236D84FA00C9ED62 /* SceneDelegate.swift in Sources */ = {isa = PBXBuildFile; fileRef = FCDA6F51236D84FA00C9ED62 /* SceneDelegate.swift */; };
		FCDA6F54236D84FA00C9ED62 /* ViewController.swift in Sources */ = {isa = PBXBuildFile; fileRef = FCDA6F53236D84FA00C9ED62 /* ViewController.swift */; };
		FCDA6F57236D84FA00C9ED62 /* Main.storyboard in Resources */ = {isa = PBXBuildFile; fileRef = FCDA6F55236D84FA00C9ED62 /* Main.storyboard */; };
		FCDA6F59236D84FC00C9ED62 /* Assets.xcassets in Resources */ = {isa = PBXBuildFile; fileRef = FCDA6F58236D84FC00C9ED62 /* Assets.xcassets */; };
		FCDA6F5C236D84FC00C9ED62 /* LaunchScreen.storyboard in Resources */ = {isa = PBXBuildFile; fileRef = FCDA6F5A236D84FC00C9ED62 /* LaunchScreen.storyboard */; };
		FCDA6F67236D84FC00C9ED62 /* test2Tests.swift in Sources */ = {isa = PBXBuildFile; fileRef = FCDA6F66236D84FC00C9ED62 /* test2Tests.swift */; };
		FCDA6F72236D84FC00C9ED62 /* test2UITests.swift in Sources */ = {isa = PBXBuildFile; fileRef = FCDA6F71236D84FC00C9ED62 /* test2UITests.swift */; };
/* End PBXBuildFile section */

/* Begin PBXContainerItemProxy section */
		FCDA6F63236D84FC00C9ED62 /* PBXContainerItemProxy */ = {
			isa = PBXContainerItemProxy;
			containerPortal = FCDA6F44236D84FA00C9ED62 /* Project object */;
			proxyType = 1;
			remoteGlobalIDString = FCDA6F4B236D84FA00C9ED62;
			remoteInfo = test2;
		};
		FCDA6F6E236D84FC00C9ED62 /* PBXContainerItemProxy */ = {
			isa = PBXContainerItemProxy;
			containerPortal = FCDA6F44236D84FA00C9ED62 /* Project object */;
			proxyType = 1;
			remoteGlobalIDString = FCDA6F4B236D84FA00C9ED62;
			remoteInfo = test2;
		};
/* End PBXContainerItemProxy section */

/* Begin PBXFileReference section */
		FCDA6F4C236D84FA00C9ED62 /* test2.app */ = {isa = PBXFileReference; explicitFileType = wrapper.application; includeInIndex = 0; path = test2.app; sourceTree = BUILT_PRODUCTS_DIR; };
		FCDA6F4F236D84FA00C9ED62 /* AppDelegate.swift */ = {isa = PBXFileReference; lastKnownFileType = sourcecode.swift; path = AppDelegate.swift; sourceTree = "<group>"; };
		FCDA6F51236D84FA00C9ED62 /* SceneDelegate.swift */ = {isa = PBXFileReference; lastKnownFileType = sourcecode.swift; path = SceneDelegate.swift; sourceTree = "<group>"; };
		FCDA6F53236D84FA00C9ED62 /* ViewController.swift */ = {isa = PBXFileReference; lastKnownFileType = sourcecode.swift; path = ViewController.swift; sourceTree = "<group>"; };
		FCDA6F56236D84FA00C9ED62 /* Base */ = {isa = PBXFileReference; lastKnownFileType = file.storyboard; name = Base; path = Base.lproj/Main.storyboard; sourceTree = "<group>"; };
		FCDA6F58236D84FC00C9ED62 /* Assets.xcassets */ = {isa = PBXFileReference; lastKnownFileType = folder.assetcatalog; path = Assets.xcassets; sourceTree = "<group>"; };
		FCDA6F5B236D84FC00C9ED62 /* Base */ = {isa = PBXFileReference; lastKnownFileType = file.storyboard; name = Base; path = Base.lproj/LaunchScreen.storyboard; sourceTree = "<group>"; };
		FCDA6F5D236D84FC00C9ED62 /* Info.plist */ = {isa = PBXFileReference; lastKnownFileType = text.plist.xml; path = Info.plist; sourceTree = "<group>"; };
		FCDA6F62236D84FC00C9ED62 /* test2Tests.xctest */ = {isa = PBXFileReference; explicitFileType = wrapper.cfbundle; includeInIndex = 0; path = test2Tests.xctest; sourceTree = BUILT_PRODUCTS_DIR; };
		FCDA6F66236D84FC00C9ED62 /* test2Tests.swift */ = {isa = PBXFileReference; lastKnownFileType = sourcecode.swift; path = test2Tests.swift; sourceTree = "<group>"; };
		FCDA6F68236D84FC00C9ED62 /* Info.plist */ = {isa = PBXFileReference; lastKnownFileType = text.plist.xml; path = Info.plist; sourceTree = "<group>"; };
		FCDA6F6D236D84FC00C9ED62 /* test2UITests.xctest */ = {isa = PBXFileReference; explicitFileType = wrapper.cfbundle; includeInIndex = 0; path = test2UITests.xctest; sourceTree = BUILT_PRODUCTS_DIR; };
		FCDA6F71236D84FC00C9ED62 /* test2UITests.swift */ = {isa = PBXFileReference; lastKnownFileType = sourcecode.swift; path = test2UITests.swift; sourceTree = "<group>"; };
		FCDA6F73236D84FC00C9ED62 /* Info.plist */ = {isa = PBXFileReference; lastKnownFileType = text.plist.xml; path = Info.plist; sourceTree = "<group>"; };
/* End PBXFileReference section */

/* Begin PBXFrameworksBuildPhase section */
		FCDA6F49236D84FA00C9ED62 /* Frameworks */ = {
			isa = PBXFrameworksBuildPhase;
			buildActionMask = 2147483647;
			files = (
			);
			runOnlyForDeploymentPostprocessing = 0;
		};
		FCDA6F5F236D84FC00C9ED62 /* Frameworks */ = {
			isa = PBXFrameworksBuildPhase;
			buildActionMask = 2147483647;
			files = (
			);
			runOnlyForDeploymentPostprocessing = 0;
		};
		FCDA6F6A236D84FC00C9ED62 /* Frameworks */ = {
			isa = PBXFrameworksBuildPhase;
			buildActionMask = 2147483647;
			files = (
			);
			runOnlyForDeploymentPostprocessing = 0;
		};
/* End PBXFrameworksBuildPhase section */

/* Begin PBXGroup section */
		FCDA6F43236D84FA00C9ED62 = {
			isa = PBXGroup;
			children = (
				FCDA6F4E236D84FA00C9ED62 /* test2 */,
				FCDA6F65236D84FC00C9ED62 /* test2Tests */,
				FCDA6F70236D84FC00C9ED62 /* test2UITests */,
				FCDA6F4D236D84FA00C9ED62 /* Products */,
			);
			sourceTree = "<group>";
		};
		FCDA6F4D236D84FA00C9ED62 /* Products */ = {
			isa = PBXGroup;
			children = (
				FCDA6F4C236D84FA00C9ED62 /* test2.app */,
				FCDA6F62236D84FC00C9ED62 /* test2Tests.xctest */,
				FCDA6F6D236D84FC00C9ED62 /* test2UITests.xctest */,
			);
			name = Products;
			sourceTree = "<group>";
		};
		FCDA6F4E236D84FA00C9ED62 /* test2 */ = {
			isa = PBXGroup;
			children = (
				FCDA6F4F236D84FA00C9ED62 /* AppDelegate.swift */,
				FCDA6F51236D84FA00C9ED62 /* SceneDelegate.swift */,
				FCDA6F53236D84FA00C9ED62 /* ViewController.swift */,
				FCDA6F55236D84FA00C9ED62 /* Main.storyboard */,
				FCDA6F58236D84FC00C9ED62 /* Assets.xcassets */,
				FCDA6F5A236D84FC00C9ED62 /* LaunchScreen.storyboard */,
				FCDA6F5D236D84FC00C9ED62 /* Info.plist */,
			);
			path = test2;
			sourceTree = "<group>";
		};
		FCDA6F65236D84FC00C9ED62 /* test2Tests */ = {
			isa = PBXGroup;
			children = (
				FCDA6F66236D84FC00C9ED62 /* test2Tests.swift */,
				FCDA6F68236D84FC00C9ED62 /* Info.plist */,
			);
			path = test2Tests;
			sourceTree = "<group>";
		};
		FCDA6F70236D84FC00C9ED62 /* test2UITests */ = {
			isa = PBXGroup;
			children = (
				FCDA6F71236D84FC00C9ED62 /* test2UITests.swift */,
				FCDA6F73236D84FC00C9ED62 /* Info.plist */,
			);
			path = test2UITests;
			sourceTree = "<group>";
		};
/* End PBXGroup section */

/* Begin PBXNativeTarget section */
		FCDA6F4B236D84FA00C9ED62 /* test2 */ = {
			isa = PBXNativeTarget;
			buildConfigurationList = FCDA6F76236D84FC00C9ED62 /* Build configuration list for PBXNativeTarget "test2" */;
			buildPhases = (
				FCDA6F48236D84FA00C9ED62 /* Sources */,
				FCDA6F49236D84FA00C9ED62 /* Frameworks */,
				FCDA6F4A236D84FA00C9ED62 /* Resources */,
			);
			buildRules = (
			);
			dependencies = (
			);
			name = test2;
			productName = test2;
			productReference = FCDA6F4C236D84FA00C9ED62 /* test2.app */;
			productType = "com.apple.product-type.application";
		};
		FCDA6F61236D84FC00C9ED62 /* test2Tests */ = {
			isa = PBXNativeTarget;
			buildConfigurationList = FCDA6F79236D84FC00C9ED62 /* Build configuration list for PBXNativeTarget "test2Tests" */;
			buildPhases = (
				FCDA6F5E236D84FC00C9ED62 /* Sources */,
				FCDA6F5F236D84FC00C9ED62 /* Frameworks */,
				FCDA6F60236D84FC00C9ED62 /* Resources */,
			);
			buildRules = (
			);
			dependencies = (
				FCDA6F64236D84FC00C9ED62 /* PBXTargetDependency */,
			);
			name = test2Tests;
			productName = test2Tests;
			productReference = FCDA6F62236D84FC00C9ED62 /* test2Tests.xctest */;
			productType = "com.apple.product-type.bundle.unit-test";
		};
		FCDA6F6C236D84FC00C9ED62 /* test2UITests */ = {
			isa = PBXNativeTarget;
			buildConfigurationList = FCDA6F7C236D84FC00C9ED62 /* Build configuration list for PBXNativeTarget "test2UITests" */;
			buildPhases = (
				FCDA6F69236D84FC00C9ED62 /* Sources */,
				FCDA6F6A236D84FC00C9ED62 /* Frameworks */,
				FCDA6F6B236D84FC00C9ED62 /* Resources */,
			);
			buildRules = (
			);
			dependencies = (
				FCDA6F6F236D84FC00C9ED62 /* PBXTargetDependency */,
			);
			name = test2UITests;
			productName = test2UITests;
			productReference = FCDA6F6D236D84FC00C9ED62 /* test2UITests.xctest */;
			productType = "com.apple.product-type.bundle.ui-testing";
		};
/* End PBXNativeTarget section */

/* Begin PBXProject section */
		FCDA6F44236D84FA00C9ED62 /* Project object */ = {
			isa = PBXProject;
			attributes = {
				LastSwiftUpdateCheck = 1120;
				LastUpgradeCheck = 1120;
				ORGANIZATIONNAME = PeerRadio;
				TargetAttributes = {
					FCDA6F4B236D84FA00C9ED62 = {
						CreatedOnToolsVersion = 11.2;
					};
					FCDA6F61236D84FC00C9ED62 = {
						CreatedOnToolsVersion = 11.2;
						TestTargetID = FCDA6F4B236D84FA00C9ED62;
					};
					FCDA6F6C236D84FC00C9ED62 = {
						CreatedOnToolsVersion = 11.2;
						TestTargetID = FCDA6F4B236D84FA00C9ED62;
					};
				};
			};
			buildConfigurationList = FCDA6F47236D84FA00C9ED62 /* Build configuration list for PBXProject "test2" */;
			compatibilityVersion = "Xcode 9.3";
			developmentRegion = en;
			hasScannedForEncodings = 0;
			knownRegions = (
				en,
				Base,
			);
			mainGroup = FCDA6F43236D84FA00C9ED62;
			productRefGroup = FCDA6F4D236D84FA00C9ED62 /* Products */;
			projectDirPath = "";
			projectRoot = "";
			targets = (
				FCDA6F4B236D84FA00C9ED62 /* test2 */,
				FCDA6F61236D84FC00C9ED62 /* test2Tests */,
				FCDA6F6C236D84FC00C9ED62 /* test2UITests */,
			);
		};
/* End PBXProject section */

/* Begin PBXResourcesBuildPhase section */
		FCDA6F4A236D84FA00C9ED62 /* Resources */ = {
			isa = PBXResourcesBuildPhase;
			buildActionMask = 2147483647;
			files = (
				FCDA6F5C236D84FC00C9ED62 /* LaunchScreen.storyboard in Resources */,
				FCDA6F59236D84FC00C9ED62 /* Assets.xcassets in Resources */,
				FCDA6F57236D84FA00C9ED62 /* Main.storyboard in Resources */,
			);
			runOnlyForDeploymentPostprocessing = 0;
		};
		FCDA6F60236D84FC00C9ED62 /* Resources */ = {
			isa = PBXResourcesBuildPhase;
			buildActionMask = 2147483647;
			files = (
			);
			runOnlyForDeploymentPostprocessing = 0;
		};
		FCDA6F6B236D84FC00C9ED62 /* Resources */ = {
			isa = PBXResourcesBuildPhase;
			buildActionMask = 2147483647;
			files = (
			);
			runOnlyForDeploymentPostprocessing = 0;
		};
/* End PBXResourcesBuildPhase section */

/* Begin PBXSourcesBuildPhase section */
		FCDA6F48236D84FA00C9ED62 /* Sources */ = {
			isa = PBXSourcesBuildPhase;
			buildActionMask = 2147483647;
			files = (
				FCDA6F54236D84FA00C9ED62 /* ViewController.swift in Sources */,
				FCDA6F50236D84FA00C9ED62 /* AppDelegate.swift in Sources */,
				FCDA6F52236D84FA00C9ED62 /* SceneDelegate.swift in Sources */,
			);
			runOnlyForDeploymentPostprocessing = 0;
		};
		FCDA6F5E236D84FC00C9ED62 /* Sources */ = {
			isa = PBXSourcesBuildPhase;
			buildActionMask = 2147483647;
			files = (
				FCDA6F67236D84FC00C9ED62 /* test2Tests.swift in Sources */,
			);
			runOnlyForDeploymentPostprocessing = 0;
		};
		FCDA6F69236D84FC00C9ED62 /* Sources */ = {
			isa = PBXSourcesBuildPhase;
			buildActionMask = 2147483647;
			files = (
				FCDA6F72236D84FC00C9ED62 /* test2UITests.swift in Sources */,
			);
			runOnlyForDeploymentPostprocessing = 0;
		};
/* End PBXSourcesBuildPhase section */

/* Begin PBXTargetDependency section */
		FCDA6F64236D84FC00C9ED62 /* PBXTargetDependency */ = {
			isa = PBXTargetDependency;
			target = FCDA6F4B236D84FA00C9ED62 /* test2 */;
			targetProxy = FCDA6F63236D84FC00C9ED62 /* PBXContainerItemProxy */;
		};
		FCDA6F6F236D84FC00C9ED62 /* PBXTargetDependency */ = {
			isa = PBXTargetDependency;
			target = FCDA6F4B236D84FA00C9ED62 /* test2 */;
			targetProxy = FCDA6F6E236D84FC00C9ED62 /* PBXContainerItemProxy */;
		};
/* End PBXTargetDependency section */

/* Begin PBXVariantGroup section */
		FCDA6F55236D84FA00C9ED62 /* Main.storyboard */ = {
			isa = PBXVariantGroup;
			children = (
				FCDA6F56236D84FA00C9ED62 /* Base */,
			);
			name = Main.storyboard;
			sourceTree = "<group>";
		};
		FCDA6F5A236D84FC00C9ED62 /* LaunchScreen.storyboard */ = {
			isa = PBXVariantGroup;
			children = (
				FCDA6F5B236D84FC00C9ED62 /* Base */,
			);
			name = LaunchScreen.storyboard;
			sourceTree = "<group>";
		};
/* End PBXVariantGroup section */

/* Begin XCBuildConfiguration section */
		FCDA6F74236D84FC00C9ED62 /* Debug */ = {
			isa = XCBuildConfiguration;
			buildSettings = {
				ALWAYS_SEARCH_USER_PATHS = NO;
				CLANG_ANALYZER_NONNULL = YES;
				CLANG_ANALYZER_NUMBER_OBJECT_CONVERSION = YES_AGGRESSIVE;
				CLANG_CXX_LANGUAGE_STANDARD = "gnu++14";
				CLANG_CXX_LIBRARY = "libc++";
				CLANG_ENABLE_MODULES = YES;
				CLANG_ENABLE_OBJC_ARC = YES;
				CLANG_ENABLE_OBJC_WEAK = YES;
				CLANG_WARN_BLOCK_CAPTURE_AUTORELEASING = YES;
				CLANG_WARN_BOOL_CONVERSION = YES;
				CLANG_WARN_COMMA = YES;
				CLANG_WARN_CONSTANT_CONVERSION = YES;
				CLANG_WARN_DEPRECATED_OBJC_IMPLEMENTATIONS = YES;
				CLANG_WARN_DIRECT_OBJC_ISA_USAGE = YES_ERROR;
				CLANG_WARN_DOCUMENTATION_COMMENTS = YES;
				CLANG_WARN_EMPTY_BODY = YES;
				CLANG_WARN_ENUM_CONVERSION = YES;
				CLANG_WARN_INFINITE_RECURSION = YES;
				CLANG_WARN_INT_CONVERSION = YES;
				CLANG_WARN_NON_LITERAL_NULL_CONVERSION = YES;
				CLANG_WARN_OBJC_IMPLICIT_RETAIN_SELF = YES;
				CLANG_WARN_OBJC_LITERAL_CONVERSION = YES;
				CLANG_WARN_OBJC_ROOT_CLASS = YES_ERROR;
				CLANG_WARN_RANGE_LOOP_ANALYSIS = YES;
				CLANG_WARN_STRICT_PROTOTYPES = YES;
				CLANG_WARN_SUSPICIOUS_MOVE = YES;
				CLANG_WARN_UNGUARDED_AVAILABILITY = YES_AGGRESSIVE;
				CLANG_WARN_UNREACHABLE_CODE = YES;
				CLANG_WARN__DUPLICATE_METHOD_MATCH = YES;
				COPY_PHASE_STRIP = NO;
				DEBUG_INFORMATION_FORMAT = dwarf;
				ENABLE_STRICT_OBJC_MSGSEND = YES;
				ENABLE_TESTABILITY = YES;
				GCC_C_LANGUAGE_STANDARD = gnu11;
				GCC_DYNAMIC_NO_PIC = NO;
				GCC_NO_COMMON_BLOCKS = YES;
				GCC_OPTIMIZATION_LEVEL = 0;
				GCC_PREPROCESSOR_DEFINITIONS = (
					"DEBUG=1",
					"$(inherited)",
				);
				GCC_WARN_64_TO_32_BIT_CONVERSION = YES;
				GCC_WARN_ABOUT_RETURN_TYPE = YES_ERROR;
				GCC_WARN_UNDECLARED_SELECTOR = YES;
				GCC_WARN_UNINITIALIZED_AUTOS = YES_AGGRESSIVE;
				GCC_WARN_UNUSED_FUNCTION = YES;
				GCC_WARN_UNUSED_VARIABLE = YES;
				IPHONEOS_DEPLOYMENT_TARGET = 13.2;
				MTL_ENABLE_DEBUG_INFO = INCLUDE_SOURCE;
				MTL_FAST_MATH = YES;
				ONLY_ACTIVE_ARCH = YES;
				SDKROOT = iphoneos;
				SWIFT_ACTIVE_COMPILATION_CONDITIONS = DEBUG;
				SWIFT_OPTIMIZATION_LEVEL = "-Onone";
			};
			name = Debug;
		};
		FCDA6F75236D84FC00C9ED62 /* Release */ = {
			isa = XCBuildConfiguration;
			buildSettings = {
				ALWAYS_SEARCH_USER_PATHS = NO;
				CLANG_ANALYZER_NONNULL = YES;
				CLANG_ANALYZER_NUMBER_OBJECT_CONVERSION = YES_AGGRESSIVE;
				CLANG_CXX_LANGUAGE_STANDARD = "gnu++14";
				CLANG_CXX_LIBRARY = "libc++";
				CLANG_ENABLE_MODULES = YES;
				CLANG_ENABLE_OBJC_ARC = YES;
				CLANG_ENABLE_OBJC_WEAK = YES;
				CLANG_WARN_BLOCK_CAPTURE_AUTORELEASING = YES;
				CLANG_WARN_BOOL_CONVERSION = YES;
				CLANG_WARN_COMMA = YES;
				CLANG_WARN_CONSTANT_CONVERSION = YES;
				CLANG_WARN_DEPRECATED_OBJC_IMPLEMENTATIONS = YES;
				CLANG_WARN_DIRECT_OBJC_ISA_USAGE = YES_ERROR;
				CLANG_WARN_DOCUMENTATION_COMMENTS = YES;
				CLANG_WARN_EMPTY_BODY = YES;
				CLANG_WARN_ENUM_CONVERSION = YES;
				CLANG_WARN_INFINITE_RECURSION = YES;
				CLANG_WARN_INT_CONVERSION = YES;
				CLANG_WARN_NON_LITERAL_NULL_CONVERSION = YES;
				CLANG_WARN_OBJC_IMPLICIT_RETAIN_SELF = YES;
				CLANG_WARN_OBJC_LITERAL_CONVERSION = YES;
				CLANG_WARN_OBJC_ROOT_CLASS = YES_ERROR;
				CLANG_WARN_RANGE_LOOP_ANALYSIS = YES;
				CLANG_WARN_STRICT_PROTOTYPES = YES;
				CLANG_WARN_SUSPICIOUS_MOVE = YES;
				CLANG_WARN_UNGUARDED_AVAILABILITY = YES_AGGRESSIVE;
				CLANG_WARN_UNREACHABLE_CODE = YES;
				CLANG_WARN__DUPLICATE_METHOD_MATCH = YES;
				COPY_PHASE_STRIP = NO;
				DEBUG_INFORMATION_FORMAT = "dwarf-with-dsym";
				ENABLE_NS_ASSERTIONS = NO;
				ENABLE_STRICT_OBJC_MSGSEND = YES;
				GCC_C_LANGUAGE_STANDARD = gnu11;
				GCC_NO_COMMON_BLOCKS = YES;
				GCC_WARN_64_TO_32_BIT_CONVERSION = YES;
				GCC_WARN_ABOUT_RETURN_TYPE = YES_ERROR;
				GCC_WARN_UNDECLARED_SELECTOR = YES;
				GCC_WARN_UNINITIALIZED_AUTOS = YES_AGGRESSIVE;
				GCC_WARN_UNUSED_FUNCTION = YES;
				GCC_WARN_UNUSED_VARIABLE = YES;
				IPHONEOS_DEPLOYMENT_TARGET = 13.2;
				MTL_ENABLE_DEBUG_INFO = NO;
				MTL_FAST_MATH = YES;
				SDKROOT = iphoneos;
				SWIFT_COMPILATION_MODE = wholemodule;
				SWIFT_OPTIMIZATION_LEVEL = "-O";
				VALIDATE_PRODUCT = YES;
			};
			name = Release;
		};
		FCDA6F77236D84FC00C9ED62 /* Debug */ = {
			isa = XCBuildConfiguration;
			buildSettings = {
				ASSETCATALOG_COMPILER_APPICON_NAME = AppIcon;
				CODE_SIGN_STYLE = Automatic;
				DEVELOPMENT_TEAM = R3WNY975WB;
				INFOPLIST_FILE = test2/Info.plist;
				IPHONEOS_DEPLOYMENT_TARGET = 13.0;
				LD_RUNPATH_SEARCH_PATHS = (
					"$(inherited)",
					"@executable_path/Frameworks",
				);
				PRODUCT_BUNDLE_IDENTIFIER = com.example.someone.test21;
				PRODUCT_NAME = "$(TARGET_NAME)";
				SWIFT_VERSION = 5.0;
				TARGETED_DEVICE_FAMILY = "1,2";
			};
			name = Debug;
		};
		FCDA6F78236D84FC00C9ED62 /* Release */ = {
			isa = XCBuildConfiguration;
			buildSettings = {
				ASSETCATALOG_COMPILER_APPICON_NAME = AppIcon;
				CODE_SIGN_STYLE = Automatic;
				DEVELOPMENT_TEAM = R3WNY975WB;
				INFOPLIST_FILE = test2/Info.plist;
				IPHONEOS_DEPLOYMENT_TARGET = 13.0;
				LD_RUNPATH_SEARCH_PATHS = (
					"$(inherited)",
					"@executable_path/Frameworks",
				);
				PRODUCT_BUNDLE_IDENTIFIER = com.example.someone.test21;
				PRODUCT_NAME = "$(TARGET_NAME)";
				SWIFT_VERSION = 5.0;
				TARGETED_DEVICE_FAMILY = "1,2";
			};
			name = Release;
		};
		FCDA6F7A236D84FC00C9ED62 /* Debug */ = {
			isa = XCBuildConfiguration;
			buildSettings = {
				ALWAYS_EMBED_SWIFT_STANDARD_LIBRARIES = YES;
				BUNDLE_LOADER = "$(TEST_HOST)";
				CODE_SIGN_STYLE = Automatic;
				DEVELOPMENT_TEAM = R3WNY975WB;
				INFOPLIST_FILE = test2Tests/Info.plist;
				IPHONEOS_DEPLOYMENT_TARGET = 13.2;
				LD_RUNPATH_SEARCH_PATHS = (
					"$(inherited)",
					"@executable_path/Frameworks",
					"@loader_path/Frameworks",
				);
				PRODUCT_BUNDLE_IDENTIFIER = com.example.someone.test2Tests;
				PRODUCT_NAME = "$(TARGET_NAME)";
				SWIFT_VERSION = 5.0;
				TARGETED_DEVICE_FAMILY = "1,2";
				TEST_HOST = "$(BUILT_PRODUCTS_DIR)/test2.app/test2";
			};
			name = Debug;
		};
		FCDA6F7B236D84FC00C9ED62 /* Release */ = {
			isa = XCBuildConfiguration;
			buildSettings = {
				ALWAYS_EMBED_SWIFT_STANDARD_LIBRARIES = YES;
				BUNDLE_LOADER = "$(TEST_HOST)";
				CODE_SIGN_STYLE = Automatic;
				DEVELOPMENT_TEAM = R3WNY975WB;
				INFOPLIST_FILE = test2Tests/Info.plist;
				IPHONEOS_DEPLOYMENT_TARGET = 13.2;
				LD_RUNPATH_SEARCH_PATHS = (
					"$(inherited)",
					"@executable_path/Frameworks",
					"@loader_path/Frameworks",
				);
				PRODUCT_BUNDLE_IDENTIFIER = com.example.someone.test2Tests;
				PRODUCT_NAME = "$(TARGET_NAME)";
				SWIFT_VERSION = 5.0;
				TARGETED_DEVICE_FAMILY = "1,2";
				TEST_HOST = "$(BUILT_PRODUCTS_DIR)/test2.app/test2";
			};
			name = Release;
		};
		FCDA6F7D236D84FC00C9ED62 /* Debug */ = {
			isa = XCBuildConfiguration;
			buildSettings = {
				ALWAYS_EMBED_SWIFT_STANDARD_LIBRARIES = YES;
				CODE_SIGN_STYLE = Automatic;
				DEVELOPMENT_TEAM = R3WNY975WB;
				INFOPLIST_FILE = test2UITests/Info.plist;
				LD_RUNPATH_SEARCH_PATHS = (
					"$(inherited)",
					"@executable_path/Frameworks",
					"@loader_path/Frameworks",
				);
				PRODUCT_BUNDLE_IDENTIFIER = com.example.someone.test2UITests;
				PRODUCT_NAME = "$(TARGET_NAME)";
				SWIFT_VERSION = 5.0;
				TARGETED_DEVICE_FAMILY = "1,2";
				TEST_TARGET_NAME = test2;
			};
			name = Debug;
		};
		FCDA6F7E236D84FC00C9ED62 /* Release */ = {
			isa = XCBuildConfiguration;
			buildSettings = {
				ALWAYS_EMBED_SWIFT_STANDARD_LIBRARIES = YES;
				CODE_SIGN_STYLE = Automatic;
				DEVELOPMENT_TEAM = R3WNY975WB;
				INFOPLIST_FILE = test2UITests/Info.plist;
				LD_RUNPATH_SEARCH_PATHS = (
					"$(inherited)",
					"@executable_path/Frameworks",
					"@loader_path/Frameworks",
				);
				PRODUCT_BUNDLE_IDENTIFIER = com.example.someone.test2UITests;
				PRODUCT_NAME = "$(TARGET_NAME)";
				SWIFT_VERSION = 5.0;
				TARGETED_DEVICE_FAMILY = "1,2";
				TEST_TARGET_NAME = test2;
			};
			name = Release;
		};
/* End XCBuildConfiguration section */

/* Begin XCConfigurationList section */
		FCDA6F47236D84FA00C9ED62 /* Build configuration list for PBXProject "test2" */ = {
			isa = XCConfigurationList;
			buildConfigurations = (
				FCDA6F74236D84FC00C9ED62 /* Debug */,
				FCDA6F75236D84FC00C9ED62 /* Release */,
			);
			defaultConfigurationIsVisible = 0;
			defaultConfigurationName = Release;
		};
		FCDA6F76236D84FC00C9ED62 /* Build configuration list for PBXNativeTarget "test2" */ = {
			isa = XCConfigurationList;
			buildConfigurations = (
				FCDA6F77236D84FC00C9ED62 /* Debug */,
				FCDA6F78236D84FC00C9ED62 /* Release */,
			);
			defaultConfigurationIsVisible = 0;
			defaultConfigurationName = Release;
		};
		FCDA6F79236D84FC00C9ED62 /* Build configuration list for PBXNativeTarget "test2Tests" */ = {
			isa = XCConfigurationList;
			buildConfigurations = (
				FCDA6F7A236D84FC00C9ED62 /* Debug */,
				FCDA6F7B236D84FC00C9ED62 /* Release */,
			);
			defaultConfigurationIsVisible = 0;
			defaultConfigurationName = Release;
		};
		FCDA6F7C236D84FC00C9ED62 /* Build configuration list for PBXNativeTarget "test2UITests" */ = {
			isa = XCConfigurationList;
			buildConfigurations = (
				FCDA6F7D236D84FC00C9ED62 /* Debug */,
				FCDA6F7E236D84FC00C9ED62 /* Release */,
			);
			defaultConfigurationIsVisible = 0;
			defaultConfigurationName = Release;
		};
/* End XCConfigurationList section */
	};
	rootObject = FCDA6F44236D84FA00C9ED62 /* Project object */;
}
